{
  "requires": true,
  "lockfileVersion": 1,
  "dependencies": {
    "jquery": {
      "version": "3.6.0",
      "resolved": "https://registry.npmjs.org/jquery/-/jquery-3.6.0.tgz",
      "integrity": "sha512-JVzAR/AjBvVt2BmYhxRCSYysDsPcssdmTFnzyLEts9qNwmjmu4JTAMYubEfwVOSwpQ1I1sKKFcxhZCI2buerfw=="
    },
    "jquery-shorten": {
      "version": "0.3.2",
      "resolved": "https://registry.npmjs.org/jquery-shorten/-/jquery-shorten-0.3.2.tgz",
      "integrity": "sha512-zuEoOtC3xVgwhJM1yGOB0znPUiIt3hTrrpx5QJXiBNVl4iX7XZcUZl5VNZaTorAzpuI/kSMClahddzpEK8QHpA==",
      "requires": {
        "jquery": ">=2.2.0"
      }
    }
  }
}
